
Microsoft Visual Studio Solution File, Format Version 12.00
# Visual Studio Version 16
VisualStudioVersion = 16.0.30907.101
MinimumVisualStudioVersion = 10.0.40219.1
Project("{FAE04EC0-301F-11D3-BF4B-00C04F79EFBC}") = "Abrand.PromotionEngine", "Abrand.PromotionEngine\Abrand.PromotionEngine.csproj", "{BA8E0EF3-F851-4879-AEB8-A723F3D75FED}"
EndProject
Global
	GlobalSection(SolutionConfigurationPlatforms) = preSolution
		Debug|Any CPU = Debug|Any CPU
		Release|Any CPU = Release|Any CPU
	EndGlobalSection
	GlobalSection(ProjectConfigurationPlatforms) = postSolution
		{BA8E0EF3-F851-4879-AEB8-A723F3D75FED}.Debug|Any CPU.ActiveCfg = Debug|Any CPU
		{BA8E0EF3-F851-4879-AEB8-A723F3D75FED}.Debug|Any CPU.Build.0 = Debug|Any CPU
		{BA8E0EF3-F851-4879-AEB8-A723F3D75FED}.Release|Any CPU.ActiveCfg = Release|Any CPU
		{BA8E0EF3-F851-4879-AEB8-A723F3D75FED}.Release|Any CPU.Build.0 = Release|Any CPU
	EndGlobalSection
	GlobalSection(SolutionProperties) = preSolution
		HideSolutionNode = FALSE
	EndGlobalSection
	GlobalSection(ExtensibilityGlobals) = postSolution
		SolutionGuid = {B154D9A2-FFA4-4BD6-A3BC-5FC3EB71B02F}
	EndGlobalSection
EndGlobal
